
Microsoft Visual Studio Solution File, Format Version 12.00
# Visual Studio Version 17
VisualStudioVersion = 17.11.35327.3
MinimumVisualStudioVersion = 10.0.40219.1
Project("{FAE04EC0-301F-11D3-BF4B-00C04F79EFBC}") = "Saudi_FormEmail", "Saudi_FormEmail.csproj", "{D695DDAF-BDD5-4DA6-8125-3BE6CD723E14}"
EndProject
Global
	GlobalSection(SolutionConfigurationPlatforms) = preSolution
		Debug|Any CPU = Debug|Any CPU
		Release|Any CPU = Release|Any CPU
	EndGlobalSection
	GlobalSection(ProjectConfigurationPlatforms) = postSolution
		{D695DDAF-BDD5-4DA6-8125-3BE6CD723E14}.Debug|Any CPU.ActiveCfg = Debug|Any CPU
		{D695DDAF-BDD5-4DA6-8125-3BE6CD723E14}.Debug|Any CPU.Build.0 = Debug|Any CPU
		{D695DDAF-BDD5-4DA6-8125-3BE6CD723E14}.Release|Any CPU.ActiveCfg = Release|Any CPU
		{D695DDAF-BDD5-4DA6-8125-3BE6CD723E14}.Release|Any CPU.Build.0 = Release|Any CPU
	EndGlobalSection
	GlobalSection(SolutionProperties) = preSolution
		HideSolutionNode = FALSE
	EndGlobalSection
	GlobalSection(ExtensibilityGlobals) = postSolution
		SolutionGuid = {D39C3C91-F281-40EE-8183-915F988AD289}
	EndGlobalSection
EndGlobal
